# THIS IS AN AUTOGENERATED FILE. DO NOT EDIT THIS FILE DIRECTLY.
# yarn lockfile v1


csvjson-csv2json@^5.0.6:
  version "5.0.6"
  resolved "https://registry.yarnpkg.com/csvjson-csv2json/-/csvjson-csv2json-5.0.6.tgz#b056f77dd3c13a2f550ada1c31f05072aad6ff3a"
  integrity sha512-to9QlVI4yQFPzSqi6XZ97lULKs5m3K8hlE/UkbvKSw81FfDwgV9MUtSbHFJ4SRT4IA7UPkuW2EqsH/MWN5YRow==
